
Microsoft Visual Studio Solution File, Format Version 12.00
# Visual Studio Version 17
VisualStudioVersion = 17.0.31903.59
MinimumVisualStudioVersion = 10.0.40219.1
Project("{FAE04EC0-301F-11D3-BF4B-00C04F79EFBC}") = "PayabliApi", "PayabliApi\PayabliApi.csproj", "{495B6757-700F-420F-9EE6-CC5A51A5195B}"
EndProject
Project("{FAE04EC0-301F-11D3-BF4B-00C04F79EFBC}") = "PayabliApi.Test", "PayabliApi.Test\PayabliApi.Test.csproj", "{30B545BC-A085-4D09-8FEF-ECCAC1954B96}"
EndProject
Global
	GlobalSection(SolutionConfigurationPlatforms) = preSolution
		Debug|Any CPU = Debug|Any CPU
		Release|Any CPU = Release|Any CPU
	EndGlobalSection
	GlobalSection(SolutionProperties) = preSolution
		HideSolutionNode = FALSE
	EndGlobalSection
	GlobalSection(ProjectConfigurationPlatforms) = postSolution
		{495B6757-700F-420F-9EE6-CC5A51A5195B}.Debug|Any CPU.ActiveCfg = Debug|Any CPU
		{495B6757-700F-420F-9EE6-CC5A51A5195B}.Debug|Any CPU.Build.0 = Debug|Any CPU
		{495B6757-700F-420F-9EE6-CC5A51A5195B}.Release|Any CPU.ActiveCfg = Release|Any CPU
		{495B6757-700F-420F-9EE6-CC5A51A5195B}.Release|Any CPU.Build.0 = Release|Any CPU
		{30B545BC-A085-4D09-8FEF-ECCAC1954B96}.Debug|Any CPU.ActiveCfg = Debug|Any CPU
		{30B545BC-A085-4D09-8FEF-ECCAC1954B96}.Debug|Any CPU.Build.0 = Debug|Any CPU
		{30B545BC-A085-4D09-8FEF-ECCAC1954B96}.Release|Any CPU.ActiveCfg = Release|Any CPU
		{30B545BC-A085-4D09-8FEF-ECCAC1954B96}.Release|Any CPU.Build.0 = Release|Any CPU
	EndGlobalSection
EndGlobal
